# THIS IS AN AUTOGENERATED FILE. DO NOT EDIT THIS FILE DIRECTLY.
assets/custom.js:
  development: 2017-09-11T15:49:47-04:00   4c95b7165c8e23a3cebb791937ac5349
assets/ico-select.svg.liquid:
  development: 2017-09-11T15:49:47-04:00   765be6d2ef08d76aa0f1aab48a10e2b7
assets/lazysizes.min.js.liquid:
  development: 2017-09-11T15:49:47-04:00   5dd7f4f274a5573ed6575f43c21ad62d
assets/polyfills.js:
  development: 2017-09-11T15:49:47-04:00   b558f1a6f42adcd63f2c091d80185c7d
assets/theme.min.js.liquid:
  development: 2017-09-11T15:49:47-04:00   1d4045d696bc9c331cd5ed096869a19e
assets/theme.scss.liquid:
  development: 2017-09-11T15:49:48-04:00   d84ef765269a27c4e4eeb202d233efbe
config/settings_data.json:
  development: 2017-09-11T15:49:46-04:00   5ffcc4bdbce5ed219ef4d218102879f1
config/settings_schema.json:
  development: 2017-09-11T19:16:49-04:00   9291395ab0adf204636f8e134d2febb4
layout/giftcard.liquid:
  development: 2017-09-11T15:49:48-04:00   383c724191e4fbe7c8e9db0667fdeba9
layout/password.liquid:
  development: 2017-09-11T15:49:48-04:00   7bf7399224d7760d8cf946f8ab1a15fe
layout/theme.liquid:
  development: 2017-09-11T15:49:48-04:00   1958ca3581686daabfdb8347c7c83767
locales/de.json:
  development: 2017-09-11T15:49:52-04:00   60e19c7848985832b4cfe782d94ba462
locales/en.default.json:
  development: 2017-09-11T15:49:52-04:00   9da764be2f54de485daed91bd7e8dc85
locales/es.json:
  development: 2017-09-11T15:49:52-04:00   85db4e5d4d15d7689e2bafafe0c966ae
locales/fr.json:
  development: 2017-09-11T15:49:52-04:00   c966df9836eefdb6dafa00d54a917a6f
locales/ja.json:
  development: 2017-09-11T15:49:52-04:00   d4a3831144f4a8a2a6feedc0efc33968
locales/pt-BR.json:
  development: 2017-09-11T15:49:52-04:00   4ab3961829265912706794c481997d9a
locales/pt-PT.json:
  development: 2017-09-11T15:49:52-04:00   201bfe105a56d26d69a2277d9430cf99
sections/article-template.liquid:
  development: 2017-09-11T15:49:44-04:00   f9fc8b1a796fd0fa516107ee8046d46e
sections/blog-template.liquid:
  development: 2017-09-11T15:49:44-04:00   3d077c634cce5648b2c6fefbf9494888
sections/cart-template.liquid:
  development: 2017-09-11T15:49:44-04:00   e8e3c8ca875e8937854fb81426964386
sections/collection-list.liquid:
  development: 2017-09-11T15:49:44-04:00   ba4c7e04b9cbf879af78a55788231112
sections/collection-template.liquid:
  development: 2017-09-11T15:49:44-04:00   339a23b27d2cf7f5c298559ab8996c7f
sections/custom-content.liquid:
  development: 2017-09-11T15:49:44-04:00   32510fb0901328c85417c7d8af3b33a2
sections/feature-row.liquid:
  development: 2017-09-11T15:49:44-04:00   708f0c507ae04f3bc3ca67fa4cf33ab5
sections/featured-blog.liquid:
  development: 2017-09-11T15:49:44-04:00   bce1b072afdb5ea8bcca87648fddba22
sections/featured-collection.liquid:
  development: 2017-09-11T15:49:44-04:00   7b58925e6f12eea1a0d64051b453ce0b
sections/featured-product.liquid:
  development: 2017-09-11T15:49:44-04:00   b30c3c757ef7008fb3e3c4a350766852
sections/featured-slider.liquid:
  development: 2017-09-11T15:49:45-04:00   5805387138a2a7ca96bd79d0918cfc6c
sections/footer.liquid:
  development: 2017-09-11T15:49:45-04:00   6b91699d9f18280ff5ae373697a992e0
sections/gallery.liquid:
  development: 2017-09-11T15:49:45-04:00   1f80893b2232040167fbb6f820d20ce8
sections/header.liquid:
  development: 2017-09-11T15:49:45-04:00   d4310bf34a4bf02eecb7bfaf3e86b3ea
sections/hero.liquid:
  development: 2017-09-11T15:49:45-04:00   4486bb5fbd9d6babb388820372c5fa21
sections/highlight.liquid:
  development: 2017-09-11T15:49:45-04:00   7e70084bb18777ed723ab6d1ed627d40
sections/list-collections-template.liquid:
  development: 2017-09-11T15:49:45-04:00   72d428e8717925eb2f21539eac8745ea
sections/map.liquid:
  development: 2017-09-11T15:49:45-04:00   fa3b143be46e2f58c643cd77a356b82a
sections/newsletter.liquid:
  development: 2017-09-11T15:49:45-04:00   36dc30d4a9e81ac9dda885e886a62beb
sections/password-content.liquid:
  development: 2017-09-11T15:49:45-04:00   da6162c3cdacabbe01ab009bd216b500
sections/password-footer.liquid:
  development: 2017-09-11T15:49:45-04:00   6150a647d2491864eaaf72ee11b57334
sections/password-header.liquid:
  development: 2017-09-11T15:49:45-04:00   75c2f28653bbb373eac3cac397ffba9e
sections/product-template.liquid:
  development: 2017-09-11T19:26:12-04:00   f1bcaecf22b5d555157ba2d856620be9
sections/quotes.liquid:
  development: 2017-09-11T15:49:45-04:00   5d1bce2f44809915d2a3f1cddd2811a3
sections/search-template.liquid:
  development: 2017-09-11T15:49:45-04:00   ca30b5422f9b1f60488714b242f8a744
sections/slideshow.liquid:
  development: 2017-09-11T15:49:45-04:00   e0e2326e532df07af8ca4f74757014d3
sections/video.liquid:
  development: 2017-09-11T15:49:45-04:00   8953bff7a4ef794a739d3e06bc1241d6
snippets/article-card.liquid:
  development: 2017-09-11T15:49:48-04:00   be1769e0b28b56cca4356a7c797d194d
snippets/bgset.liquid:
  development: 2017-09-11T15:49:48-04:00   9a6760d57fe34fcd1f7a7876e087b756
snippets/card-image.liquid:
  development: 2017-09-11T15:49:48-04:00   3e6c3541d1fcb569d399e2cf725e21c9
snippets/cart-drawer.liquid:
  development: 2017-09-11T15:49:48-04:00   816eac90f6cd7d280ba3933578536ab3
snippets/collection-card.liquid:
  development: 2017-09-11T15:49:48-04:00   23c34318ea060e1fafb58500b98e8aae
snippets/comment.liquid:
  development: 2017-09-11T15:49:48-04:00   dfe8768264bbcefb9282297e32929fa9
snippets/critical-css.liquid:
  development: 2017-09-11T15:49:48-04:00   a3e4defe76a8e28b4a5c80995ef39644
snippets/featured-article-card.liquid:
  development: 2017-09-11T15:49:48-04:00   c61f01f759a5b9c6a09fbe4617d64893
snippets/google-fonts.liquid:
  development: 2017-09-11T15:49:48-04:00   377ddc183ac7882100f47299bb8e0467
snippets/icon-amazon_payments.liquid:
  development: 2017-09-11T15:49:48-04:00   ec8359cdda389706cc36ae917892d93f
snippets/icon-american_express.liquid:
  development: 2017-09-11T15:49:48-04:00   9da829decce6867b8de60a183c94d099
snippets/icon-apple_pay.liquid:
  development: 2017-09-11T15:49:48-04:00   e82e7acc46479ea2173926f8fad55db0
snippets/icon-arrow-down.liquid:
  development: 2017-09-11T15:49:48-04:00   5f04b092b5cf026cd6fab3f33ebdf036
snippets/icon-arrow-left.liquid:
  development: 2017-09-11T15:49:48-04:00   cd14a4a3d1381fa4c51026da37cf8ea0
snippets/icon-arrow-right-slideshow.liquid:
  development: 2017-09-11T15:49:48-04:00   fb976cd26c89f7179023244f175303a3
snippets/icon-arrow-right.liquid:
  development: 2017-09-11T15:49:48-04:00   d2ffeb88a5b63fd608ea046b9a600838
snippets/icon-bitcoin.liquid:
  development: 2017-09-11T15:49:48-04:00   d8cb31e0401818c1cb852348b6f27420
snippets/icon-box.liquid:
  development: 2017-09-11T15:49:48-04:00   d7b1339471b3992987bc056975376989
snippets/icon-burger.liquid:
  development: 2017-09-11T15:49:48-04:00   8f6e3bd02dac6b5a4496c529424c67f2
snippets/icon-card.liquid:
  development: 2017-09-11T15:49:48-04:00   ce2bef2bba08c286f5e365df741e3fef
snippets/icon-cart.liquid:
  development: 2017-09-11T15:49:48-04:00   382bafd5e5d83a2658f6fa14111cacb4
snippets/icon-check.liquid:
  development: 2017-09-11T15:49:48-04:00   3b907720158aa04f3d28bd5c80b3bf96
snippets/icon-checkmark.liquid:
  development: 2017-09-11T15:49:49-04:00   ed3423c04640922009187e8d33cda6fc
snippets/icon-cirrus.liquid:
  development: 2017-09-11T15:49:49-04:00   fcbd6ce7e38d7946c921c8ed6ad5ca71
snippets/icon-clock.liquid:
  development: 2017-09-11T15:49:49-04:00   ba2a5f87bdeffce312b83cd224aa7e08
snippets/icon-close.liquid:
  development: 2017-09-11T15:49:49-04:00   2656dc1044008a377484ac2271d0a0c9
snippets/icon-dankort.liquid:
  development: 2017-09-11T15:49:49-04:00   796e1e822b3e46784d303b48c9db5b29
snippets/icon-details.liquid:
  development: 2017-09-11T15:49:49-04:00   8e4fa5966722634ae7e6df54581a8afe
snippets/icon-diners_club.liquid:
  development: 2017-09-11T15:49:49-04:00   cf70ea54486bb14c286264f90dab9ff8
snippets/icon-discover.liquid:
  development: 2017-09-11T15:49:49-04:00   b43221b39bc3df37f7e6c7810d3e54d8
snippets/icon-dogecoin.liquid:
  development: 2017-09-11T15:49:49-04:00   6a35f5db9eb93d1ed563c6989ff30798
snippets/icon-dwolla.liquid:
  development: 2017-09-11T15:49:49-04:00   aeb86f67aad84adaf7635d2043cb89a9
snippets/icon-envelope.liquid:
  development: 2017-09-11T15:49:49-04:00   45b269de5508dbee1d689539b73a5fdf
snippets/icon-facebook.liquid:
  development: 2017-09-11T15:49:49-04:00   171f165ba852e612397c4000adf62fd3
snippets/icon-forbrugsforeningen.liquid:
  development: 2017-09-11T15:49:49-04:00   ff962a94f23046340766c215b0f14a52
snippets/icon-globe.liquid:
  development: 2017-09-11T15:49:49-04:00   6808771af234443155b44d7dd590cb3d
snippets/icon-google.liquid:
  development: 2017-09-11T15:49:49-04:00   bc7b21205b5056a79aa05d2f32e8bcee
snippets/icon-hamburger.liquid:
  development: 2017-09-11T15:49:49-04:00   376481fbfb3706d72c5a9ecd55394ae5
snippets/icon-header-bag.liquid:
  development: 2017-09-11T15:49:49-04:00   1fec66ce5b2bd7e9dc226b512d215992
snippets/icon-header-cart.liquid:
  development: 2017-09-11T15:49:49-04:00   a6180c515936e463cb7066ccfe23880c
snippets/icon-instagram.liquid:
  development: 2017-09-11T15:49:49-04:00   bf50214819f6e2a5f053593e2414526d
snippets/icon-interac.liquid:
  development: 2017-09-11T15:49:49-04:00   24c4d22a98c0574c32fc02fe39e34b80
snippets/icon-jcb.liquid:
  development: 2017-09-11T15:49:49-04:00   275259ce80a1b368d0e5afcf7d6bb6f3
snippets/icon-laser.liquid:
  development: 2017-09-11T15:49:49-04:00   bd1a0ecfe958b6a6e84bf80e0669a6da
snippets/icon-leaf.liquid:
  development: 2017-09-11T15:49:49-04:00   1da27719eeb4c5c1007eaa621389c0ae
snippets/icon-linearrow-left.liquid:
  development: 2017-09-11T15:49:49-04:00   46f86e657e5d98eb1b2cdf11fbbd5da4
snippets/icon-litecoin.liquid:
  development: 2017-09-11T15:49:49-04:00   051dfcb36fa17b532a087b12f0a49e0e
snippets/icon-lock.liquid:
  development: 2017-09-11T15:49:49-04:00   60ae7ba03d14efa582faed8855821a58
snippets/icon-maestro.liquid:
  development: 2017-09-11T15:49:50-04:00   b987e558ecad607661489939ec8ca524
snippets/icon-master.liquid:
  development: 2017-09-11T15:49:50-04:00   7be93970b63c2fd0e2b319a35c00a9d7
snippets/icon-minus-small.liquid:
  development: 2017-09-11T15:49:50-04:00   0416cd76b28564e529f2223f83759dfa
snippets/icon-minus.liquid:
  development: 2017-09-11T15:49:50-04:00   78c513424d498299e865f8a242823ad0
snippets/icon-padlock.liquid:
  development: 2017-09-11T15:49:50-04:00   83097f352bbe12911e0380f17438dfda
snippets/icon-paypal.liquid:
  development: 2017-09-11T15:49:50-04:00   1b0d7db160b229b8519cccf2514ee676
snippets/icon-pinterest.liquid:
  development: 2017-09-11T15:49:50-04:00   701f2a785b3fa83d63e3ab54af060031
snippets/icon-playdesktop.liquid:
  development: 2017-09-11T15:49:50-04:00   9e5bb7a68afd7a085dc01fb2f649e902
snippets/icon-playmobile.liquid:
  development: 2017-09-11T15:49:50-04:00   a674c6e9a7118b671bff3a9d0ab7e57e
snippets/icon-plus-small.liquid:
  development: 2017-09-11T15:49:50-04:00   0121f973beb22b48f7acfd4225d5a76a
snippets/icon-plus.liquid:
  development: 2017-09-11T15:49:50-04:00   366727a7da9ea5bb916bae995b8d89e1
snippets/icon-pricetag.liquid:
  development: 2017-09-11T15:49:50-04:00   bcf5aed59f24a63403e9161cfdfba29a
snippets/icon-rss.liquid:
  development: 2017-09-11T15:49:50-04:00   6493d6bcb850513a55823d4ff62b0f8b
snippets/icon-search.liquid:
  development: 2017-09-11T15:49:50-04:00   d686994826947e0f74fb96145071327d
snippets/icon-share.liquid:
  development: 2017-09-11T15:49:50-04:00   f3c8a76a9837d080d141abc2931ac600
snippets/icon-shopify-logo.liquid:
  development: 2017-09-11T15:49:50-04:00   3f0b70f9e01be5b25507d25a732ecde7
snippets/icon-silhouette.liquid:
  development: 2017-09-11T15:49:50-04:00   b49a2b2d275fe17c84e76481c0bdd8e9
snippets/icon-snapchat.liquid:
  development: 2017-09-11T15:49:50-04:00   d6f0dedb86544b535e6ea5b25f66ef0d
snippets/icon-solo.liquid:
  development: 2017-09-11T15:49:50-04:00   b25ae03bf849e816d110bc1c1e6439e7
snippets/icon-stripe.liquid:
  development: 2017-09-11T15:49:50-04:00   208713954dff9de98f800df59763615d
snippets/icon-switch.liquid:
  development: 2017-09-11T15:49:50-04:00   26d43059f98996274c0fe414971fb271
snippets/icon-touchclose.liquid:
  development: 2017-09-11T15:49:50-04:00   6e91e00f5482bf2e967f6038d90d30a8
snippets/icon-touchshare.liquid:
  development: 2017-09-11T15:49:50-04:00   b623d31599ebf8d612692e9e4ac81b56
snippets/icon-trophy.liquid:
  development: 2017-09-11T15:49:50-04:00   e3399235669bc82ef25f35b99b3eb075
snippets/icon-truck.liquid:
  development: 2017-09-11T15:49:50-04:00   90e2066b3e0f68e72b5b9733273e1385
snippets/icon-tumblr.liquid:
  development: 2017-09-11T15:49:50-04:00   d71a4ada77a8a9b6bd792bdafef393de
snippets/icon-twitter.liquid:
  development: 2017-09-11T15:49:51-04:00   24047c22697a23a0baabf2804adc6c11
snippets/icon-vimeo.liquid:
  development: 2017-09-11T15:49:51-04:00   a229ed8a1a81e6ef95ad621f8a34efb6
snippets/icon-visa.liquid:
  development: 2017-09-11T15:49:51-04:00   9098533cd59e385d2672f6d8b7fa4b04
snippets/icon-youtube.liquid:
  development: 2017-09-11T15:49:51-04:00   9d72c5bc3eaa14a3e7aefd921881b1ae
snippets/load-css.liquid:
  development: 2017-09-11T15:49:51-04:00   c4f93b65f1c52d989e7c682052da547a
snippets/no-blocks.liquid:
  development: 2017-09-11T15:49:51-04:00   0cb7d758b6df0feb07ae5804b4b627fa
snippets/page-card.liquid:
  development: 2017-09-11T15:49:51-04:00   327a0ef7238ae95e349a03a6639de1c8
snippets/pagination.liquid:
  development: 2017-09-11T15:49:51-04:00   456f50471da588f31d6d229a8fd41868
snippets/placeholder-collection.liquid:
  development: 2017-09-11T15:49:51-04:00   4782b63d724c9ebd2bf2573b98e634c3
snippets/placeholder-image.liquid:
  development: 2017-09-11T15:49:51-04:00   744b89fc1920ac26b9992a73f43a4408
snippets/placeholder-lifestyle.liquid:
  development: 2017-09-11T15:49:51-04:00   f7f57772e9e1ead91d75cacc7f600c66
snippets/placeholder-logo.liquid:
  development: 2017-09-11T15:49:51-04:00   1e2891b47a0d322df27e7952f71b49ec
snippets/placeholder-product.liquid:
  development: 2017-09-11T15:49:51-04:00   32f6c46b4d92af83aa24ee2cfec0eb0e
snippets/product-card.liquid:
  development: 2017-09-11T15:49:51-04:00   26b3d111454e561194d9ab8fb4ab980a
snippets/product-form.liquid:
  development: 2017-09-11T15:49:51-04:00   6cdbcca5276101ad96a534004f8dc12b
snippets/search-bar.liquid:
  development: 2017-09-11T15:49:51-04:00   5842bd9745263ff18fc5360c31d04090
snippets/social-links.liquid:
  development: 2017-09-11T15:49:51-04:00   d57cddddd257ef6a84576bad8b5a9c06
snippets/social-meta-tags.liquid:
  development: 2017-09-11T15:49:51-04:00   a9fb655229f6288a286055d6eea87c18
snippets/social-sharing.liquid:
  development: 2017-09-11T15:49:51-04:00   c41c5067216fd3ff2e0ff8397646d8e8
snippets/spinner.liquid:
  development: 2017-09-11T15:49:51-04:00   b0323390a705125bae519b9f76df498f
templates/404.liquid:
  development: 2017-09-11T15:49:51-04:00   e4fbd978bf36321d6c78194d94831ff1
templates/article.liquid:
  development: 2017-09-11T15:49:51-04:00   4cdd079a9d70ae40e126727ccbe47bde
templates/blog.liquid:
  development: 2017-09-11T15:49:51-04:00   e993cbd9a86c14397aa6b0cac4d2dfab
templates/cart.liquid:
  development: 2017-09-11T15:49:51-04:00   11eb5e1c8b477d00deef623a324115bd
templates/collection.liquid:
  development: 2017-09-11T15:49:51-04:00   f5828c431b327122f87cad5793058a1d
templates/customers/account.liquid:
  development: 2017-09-11T15:49:52-04:00   e76a444f955b90a4a6c681395a68c117
templates/customers/activate_account.liquid:
  development: 2017-09-11T15:49:52-04:00   b49ddf4f5328dafd2b736ec3385ffbd5
templates/customers/addresses.liquid:
  development: 2017-09-11T15:49:52-04:00   d7904e54edae92bf7739eaff6e4937db
templates/customers/login.liquid:
  development: 2017-09-11T15:49:52-04:00   3ee5816b9e4e91e07e7b8a552559d672
templates/customers/order.liquid:
  development: 2017-09-11T15:49:52-04:00   893808f2578bc8ca0b15e51843681efa
templates/customers/register.liquid:
  development: 2017-09-11T15:49:52-04:00   e8197c4960c85ce5d4e1d0fc5f8d06ff
templates/customers/reset_password.liquid:
  development: 2017-09-11T15:49:52-04:00   d52569cbb237fdb708404655426f6921
templates/gift_card.liquid:
  development: 2017-09-11T15:49:51-04:00   3b78519c3374621201d4929e32fa2469
templates/index.liquid:
  development: 2017-09-11T15:49:51-04:00   b2a0a05382c135215e50a0042c0f7cb7
templates/list-collections.liquid:
  development: 2017-09-11T15:49:52-04:00   2a3229f9bf1a7d5da0eb25003db24b63
templates/page.contact.liquid:
  development: 2017-09-11T15:49:52-04:00   c0c82539dc7a4f0f2e32b9c965a0a8e7
templates/page.liquid:
  development: 2017-09-11T15:49:52-04:00   e5ba0a99aa80677dc86be60993fbc632
templates/password.liquid:
  development: 2017-09-11T15:49:52-04:00   30d1743d26765ce8c3fa53a3fdf9524f
templates/product.liquid:
  development: 2017-09-11T15:49:52-04:00   565491c4e87ffe66ee97760e5e4fc62b
templates/search.liquid:
  development: 2017-09-11T15:49:52-04:00   36e56dea53e5f5b4131c23124c2e9af6
